
Microsoft Visual Studio Solution File, Format Version 12.00
# Visual Studio 15
VisualStudioVersion = 15.0.28307.1259
MinimumVisualStudioVersion = 10.0.40219.1
Project("{8BC9CEB8-8B4A-11D0-8D11-00A0C91BC942}") = "max_pooling", "max_pooling\max_pooling.vcxproj", "{CEF0089A-AC2E-46F7-BFCF-2233E4BCDEE7}"
EndProject
Global
	GlobalSection(SolutionConfigurationPlatforms) = preSolution
		Debug|x64 = Debug|x64
		Debug|x86 = Debug|x86
		Release|x64 = Release|x64
		Release|x86 = Release|x86
	EndGlobalSection
	GlobalSection(ProjectConfigurationPlatforms) = postSolution
		{CEF0089A-AC2E-46F7-BFCF-2233E4BCDEE7}.Debug|x64.ActiveCfg = Debug|x64
		{CEF0089A-AC2E-46F7-BFCF-2233E4BCDEE7}.Debug|x64.Build.0 = Debug|x64
		{CEF0089A-AC2E-46F7-BFCF-2233E4BCDEE7}.Debug|x86.ActiveCfg = Debug|Win32
		{CEF0089A-AC2E-46F7-BFCF-2233E4BCDEE7}.Debug|x86.Build.0 = Debug|Win32
		{CEF0089A-AC2E-46F7-BFCF-2233E4BCDEE7}.Release|x64.ActiveCfg = Release|x64
		{CEF0089A-AC2E-46F7-BFCF-2233E4BCDEE7}.Release|x64.Build.0 = Release|x64
		{CEF0089A-AC2E-46F7-BFCF-2233E4BCDEE7}.Release|x86.ActiveCfg = Release|Win32
		{CEF0089A-AC2E-46F7-BFCF-2233E4BCDEE7}.Release|x86.Build.0 = Release|Win32
	EndGlobalSection
	GlobalSection(SolutionProperties) = preSolution
		HideSolutionNode = FALSE
	EndGlobalSection
	GlobalSection(ExtensibilityGlobals) = postSolution
		SolutionGuid = {91A9106C-89E0-4290-80F2-9639290824FF}
	EndGlobalSection
EndGlobal
